# This file is generated by running "yarn install" inside your project.
# Manual changes might be lost - proceed with caution!

__metadata:
  version: 6
  cacheKey: 8

"data-uri-to-buffer@npm:^4.0.0":
  version: 4.0.1
  resolution: "data-uri-to-buffer@npm:4.0.1"
  checksum: 0d0790b67ffec5302f204c2ccca4494f70b4e2d940fea3d36b09f0bb2b8539c2e86690429eb1f1dc4bcc9e4df0644193073e63d9ee48ac9fce79ec1506e4aa4c
  languageName: node
  linkType: hard

"fetch-blob@npm:^3.1.2, fetch-blob@npm:^3.1.4":
  version: 3.2.0
  resolution: "fetch-blob@npm:3.2.0"
  dependencies:
    node-domexception: ^1.0.0
    web-streams-polyfill: ^3.0.3
  checksum: f19bc28a2a0b9626e69fd7cf3a05798706db7f6c7548da657cbf5026a570945f5eeaedff52007ea35c8bcd3d237c58a20bf1543bc568ab2422411d762dd3d5bf
  languageName: node
  linkType: hard

"formdata-polyfill@npm:^4.0.10":
  version: 4.0.10
  resolution: "formdata-polyfill@npm:4.0.10"
  dependencies:
    fetch-blob: ^3.1.2
  checksum: 82a34df292afadd82b43d4a740ce387bc08541e0a534358425193017bf9fb3567875dc5f69564984b1da979979b70703aa73dee715a17b6c229752ae736dd9db
  languageName: node
  linkType: hard

"node-domexception@npm:^1.0.0":
  version: 1.0.0
  resolution: "node-domexception@npm:1.0.0"
  checksum: ee1d37dd2a4eb26a8a92cd6b64dfc29caec72bff5e1ed9aba80c294f57a31ba4895a60fd48347cf17dd6e766da0ae87d75657dfd1f384ebfa60462c2283f5c7f
  languageName: node
  linkType: hard

"node-fetch@npm:^3.2.10":
  version: 3.3.1
  resolution: "node-fetch@npm:3.3.1"
  dependencies:
    data-uri-to-buffer: ^4.0.0
    fetch-blob: ^3.1.4
    formdata-polyfill: ^4.0.10
  checksum: 62145fd3ba4770a76110bc31fdc0054ab2f5442b5ce96e9c4b39fc9e94a3d305560eec76e1165d9259eab866e02a8eecf9301062bb5dfc9f08a4d08b69d223dd
  languageName: node
  linkType: hard

"stars@workspace:.":
  version: 0.0.0-use.local
  resolution: "stars@workspace:."
  dependencies:
    node-fetch: ^3.2.10
  languageName: unknown
  linkType: soft

"web-streams-polyfill@npm:^3.0.3":
  version: 3.2.1
  resolution: "web-streams-polyfill@npm:3.2.1"
  checksum: b119c78574b6d65935e35098c2afdcd752b84268e18746606af149e3c424e15621b6f1ff0b42b2676dc012fc4f0d313f964b41a4b5031e525faa03997457da02
  languageName: node
  linkType: hard
